
Microsoft Visual Studio Solution File, Format Version 12.00
# Visual Studio Version 17
VisualStudioVersion = 17.11.35303.130
MinimumVisualStudioVersion = 10.0.40219.1
Project("{9A19103F-16F7-4668-BE54-9A1E7A4F7556}") = "Data", "Data.csproj", "{97709F0E-5AE4-4D00-9F62-3C2A9FB08AB4}"
EndProject
Project("{FAE04EC0-301F-11D3-BF4B-00C04F79EFBC}") = "TurnosWebAPI", "..\TurnosWebAPI\TurnosWebAPI.csproj", "{34143632-421D-4321-9F48-5ACCBA44DFD9}"
EndProject
Global
	GlobalSection(SolutionConfigurationPlatforms) = preSolution
		Debug|Any CPU = Debug|Any CPU
		Release|Any CPU = Release|Any CPU
	EndGlobalSection
	GlobalSection(ProjectConfigurationPlatforms) = postSolution
		{97709F0E-5AE4-4D00-9F62-3C2A9FB08AB4}.Debug|Any CPU.ActiveCfg = Debug|Any CPU
		{97709F0E-5AE4-4D00-9F62-3C2A9FB08AB4}.Debug|Any CPU.Build.0 = Debug|Any CPU
		{97709F0E-5AE4-4D00-9F62-3C2A9FB08AB4}.Release|Any CPU.ActiveCfg = Release|Any CPU
		{97709F0E-5AE4-4D00-9F62-3C2A9FB08AB4}.Release|Any CPU.Build.0 = Release|Any CPU
		{34143632-421D-4321-9F48-5ACCBA44DFD9}.Debug|Any CPU.ActiveCfg = Debug|Any CPU
		{34143632-421D-4321-9F48-5ACCBA44DFD9}.Debug|Any CPU.Build.0 = Debug|Any CPU
		{34143632-421D-4321-9F48-5ACCBA44DFD9}.Release|Any CPU.ActiveCfg = Release|Any CPU
		{34143632-421D-4321-9F48-5ACCBA44DFD9}.Release|Any CPU.Build.0 = Release|Any CPU
	EndGlobalSection
	GlobalSection(SolutionProperties) = preSolution
		HideSolutionNode = FALSE
	EndGlobalSection
	GlobalSection(ExtensibilityGlobals) = postSolution
		SolutionGuid = {54204436-FD6A-40FA-835A-CFEE0F472C6C}
	EndGlobalSection
EndGlobal
